
Microsoft Visual Studio Solution File, Format Version 12.00
Project("{FAE04EC0-301F-11D3-BF4B-00C04F79EFBC}") = "Tasks", "Tasks\Tasks.csproj", "{EF38E692-5FC9-4E8A-830B-E13469005604}"
EndProject
Project("{FAE04EC0-301F-11D3-BF4B-00C04F79EFBC}") = "Task2", "Task2\Task2\Task2.csproj", "{6C0D1434-CFE9-4E67-B7B2-DCBAB77BC72B}"
EndProject
Project("{FAE04EC0-301F-11D3-BF4B-00C04F79EFBC}") = "Task3", "Task3\Task3\Task3.csproj", "{E01358AB-26EC-4436-A665-D75BF0D90F39}"
EndProject
Project("{FAE04EC0-301F-11D3-BF4B-00C04F79EFBC}") = "Task4", "Task4\Task4.csproj", "{48662D25-3935-4607-8D07-D4B144A68391}"
EndProject
Project("{FAE04EC0-301F-11D3-BF4B-00C04F79EFBC}") = "Task5", "Task5\Task5.csproj", "{2D671FC0-58C5-4EFC-8C7C-74B15BFD4085}"
EndProject
Global
	GlobalSection(SolutionConfigurationPlatforms) = preSolution
		Debug|Any CPU = Debug|Any CPU
		Release|Any CPU = Release|Any CPU
	EndGlobalSection
	GlobalSection(ProjectConfigurationPlatforms) = postSolution
		{EF38E692-5FC9-4E8A-830B-E13469005604}.Debug|Any CPU.ActiveCfg = Debug|Any CPU
		{EF38E692-5FC9-4E8A-830B-E13469005604}.Debug|Any CPU.Build.0 = Debug|Any CPU
		{EF38E692-5FC9-4E8A-830B-E13469005604}.Release|Any CPU.ActiveCfg = Release|Any CPU
		{EF38E692-5FC9-4E8A-830B-E13469005604}.Release|Any CPU.Build.0 = Release|Any CPU
		{6C0D1434-CFE9-4E67-B7B2-DCBAB77BC72B}.Debug|Any CPU.ActiveCfg = Debug|Any CPU
		{6C0D1434-CFE9-4E67-B7B2-DCBAB77BC72B}.Debug|Any CPU.Build.0 = Debug|Any CPU
		{6C0D1434-CFE9-4E67-B7B2-DCBAB77BC72B}.Release|Any CPU.ActiveCfg = Release|Any CPU
		{6C0D1434-CFE9-4E67-B7B2-DCBAB77BC72B}.Release|Any CPU.Build.0 = Release|Any CPU
		{E01358AB-26EC-4436-A665-D75BF0D90F39}.Debug|Any CPU.ActiveCfg = Debug|Any CPU
		{E01358AB-26EC-4436-A665-D75BF0D90F39}.Debug|Any CPU.Build.0 = Debug|Any CPU
		{E01358AB-26EC-4436-A665-D75BF0D90F39}.Release|Any CPU.ActiveCfg = Release|Any CPU
		{E01358AB-26EC-4436-A665-D75BF0D90F39}.Release|Any CPU.Build.0 = Release|Any CPU
		{48662D25-3935-4607-8D07-D4B144A68391}.Debug|Any CPU.ActiveCfg = Debug|Any CPU
		{48662D25-3935-4607-8D07-D4B144A68391}.Debug|Any CPU.Build.0 = Debug|Any CPU
		{48662D25-3935-4607-8D07-D4B144A68391}.Release|Any CPU.ActiveCfg = Release|Any CPU
		{48662D25-3935-4607-8D07-D4B144A68391}.Release|Any CPU.Build.0 = Release|Any CPU
		{2D671FC0-58C5-4EFC-8C7C-74B15BFD4085}.Debug|Any CPU.ActiveCfg = Debug|Any CPU
		{2D671FC0-58C5-4EFC-8C7C-74B15BFD4085}.Debug|Any CPU.Build.0 = Debug|Any CPU
		{2D671FC0-58C5-4EFC-8C7C-74B15BFD4085}.Release|Any CPU.ActiveCfg = Release|Any CPU
		{2D671FC0-58C5-4EFC-8C7C-74B15BFD4085}.Release|Any CPU.Build.0 = Release|Any CPU
	EndGlobalSection
EndGlobal
